// !$*UTF8*$!
{
	archiveVersion = 1;
	classes = {
	};
	objectVersion = 46;
	objects = {

/* Begin PBXBuildFile section */
		B1CB7DEB1992F1440069F74D /* KnowterNotesTableViewController.m in Sources */ = {isa = PBXBuildFile; fileRef = B1CB7DEA1992F1440069F74D /* KnowterNotesTableViewController.m */; };
		B1CB7DEE1992F5480069F74D /* KnowterNoteDetailViewController.m in Sources */ = {isa = PBXBuildFile; fileRef = B1CB7DED1992F5480069F74D /* KnowterNoteDetailViewController.m */; };
		B1E918611992D6A1007C7C6F /* Foundation.framework in Frameworks */ = {isa = PBXBuildFile; fileRef = B1E918601992D6A1007C7C6F /* Foundation.framework */; };
		B1E918631992D6A1007C7C6F /* CoreGraphics.framework in Frameworks */ = {isa = PBXBuildFile; fileRef = B1E918621992D6A1007C7C6F /* CoreGraphics.framework */; };
		B1E918651992D6A1007C7C6F /* UIKit.framework in Frameworks */ = {isa = PBXBuildFile; fileRef = B1E918641992D6A1007C7C6F /* UIKit.framework */; };
		B1E918671992D6A1007C7C6F /* CoreData.framework in Frameworks */ = {isa = PBXBuildFile; fileRef = B1E918661992D6A1007C7C6F /* CoreData.framework */; };
		B1E9186D1992D6A1007C7C6F /* InfoPlist.strings in Resources */ = {isa = PBXBuildFile; fileRef = B1E9186B1992D6A1007C7C6F /* InfoPlist.strings */; };
		B1E9186F1992D6A1007C7C6F /* main.m in Sources */ = {isa = PBXBuildFile; fileRef = B1E9186E1992D6A1007C7C6F /* main.m */; };
		B1E918731992D6A1007C7C6F /* KnowterAppDelegate.m in Sources */ = {isa = PBXBuildFile; fileRef = B1E918721992D6A1007C7C6F /* KnowterAppDelegate.m */; };
		B1E918761992D6A1007C7C6F /* Main_iPhone.storyboard in Resources */ = {isa = PBXBuildFile; fileRef = B1E918741992D6A1007C7C6F /* Main_iPhone.storyboard */; };
		B1E918791992D6A1007C7C6F /* Main_iPad.storyboard in Resources */ = {isa = PBXBuildFile; fileRef = B1E918771992D6A1007C7C6F /* Main_iPad.storyboard */; };
		B1E918841992D6A1007C7C6F /* Images.xcassets in Resources */ = {isa = PBXBuildFile; fileRef = B1E918831992D6A1007C7C6F /* Images.xcassets */; };
		B1E9188B1992D6A1007C7C6F /* XCTest.framework in Frameworks */ = {isa = PBXBuildFile; fileRef = B1E9188A1992D6A1007C7C6F /* XCTest.framework */; };
		B1E9188C1992D6A1007C7C6F /* Foundation.framework in Frameworks */ = {isa = PBXBuildFile; fileRef = B1E918601992D6A1007C7C6F /* Foundation.framework */; };
		B1E9188D1992D6A1007C7C6F /* UIKit.framework in Frameworks */ = {isa = PBXBuildFile; fileRef = B1E918641992D6A1007C7C6F /* UIKit.framework */; };
		B1E9188E1992D6A1007C7C6F /* CoreData.framework in Frameworks */ = {isa = PBXBuildFile; fileRef = B1E918661992D6A1007C7C6F /* CoreData.framework */; };
		B1E918961992D6A1007C7C6F /* InfoPlist.strings in Resources */ = {isa = PBXBuildFile; fileRef = B1E918941992D6A1007C7C6F /* InfoPlist.strings */; };
		B1E918981992D6A1007C7C6F /* KnowterTests.m in Sources */ = {isa = PBXBuildFile; fileRef = B1E918971992D6A1007C7C6F /* KnowterTests.m */; };
		B1F384101993058D007BAB60 /* Note.m in Sources */ = {isa = PBXBuildFile; fileRef = B1F3840F1993058D007BAB60 /* Note.m */; };
		B1F38413199306A6007BAB60 /* NoteHelper.m in Sources */ = {isa = PBXBuildFile; fileRef = B1F38412199306A6007BAB60 /* NoteHelper.m */; };
/* End PBXBuildFile section */

/* Begin PBXContainerItemProxy section */
		B1E9188F1992D6A1007C7C6F /* PBXContainerItemProxy */ = {
			isa = PBXContainerItemProxy;
			containerPortal = B1E918551992D6A1007C7C6F /* Project object */;
			proxyType = 1;
			remoteGlobalIDString = B1E9185C1992D6A1007C7C6F;
			remoteInfo = Knowter;
		};
/* End PBXContainerItemProxy section */

/* Begin PBXFileReference section */
		B1CB7DE91992F1440069F74D /* KnowterNotesTableViewController.h */ = {isa = PBXFileReference; fileEncoding = 4; lastKnownFileType = sourcecode.c.h; path = KnowterNotesTableViewController.h; sourceTree = "<group>"; };
		B1CB7DEA1992F1440069F74D /* KnowterNotesTableViewController.m */ = {isa = PBXFileReference; fileEncoding = 4; lastKnownFileType = sourcecode.c.objc; path = KnowterNotesTableViewController.m; sourceTree = "<group>"; };
		B1CB7DEC1992F5480069F74D /* KnowterNoteDetailViewController.h */ = {isa = PBXFileReference; fileEncoding = 4; lastKnownFileType = sourcecode.c.h; path = KnowterNoteDetailViewController.h; sourceTree = "<group>"; };
		B1CB7DED1992F5480069F74D /* KnowterNoteDetailViewController.m */ = {isa = PBXFileReference; fileEncoding = 4; lastKnownFileType = sourcecode.c.objc; path = KnowterNoteDetailViewController.m; sourceTree = "<group>"; };
		B1E9185D1992D6A1007C7C6F /* Knowter.app */ = {isa = PBXFileReference; explicitFileType = wrapper.application; includeInIndex = 0; path = Knowter.app; sourceTree = BUILT_PRODUCTS_DIR; };
		B1E918601992D6A1007C7C6F /* Foundation.framework */ = {isa = PBXFileReference; lastKnownFileType = wrapper.framework; name = Foundation.framework; path = System/Library/Frameworks/Foundation.framework; sourceTree = SDKROOT; };
		B1E918621992D6A1007C7C6F /* CoreGraphics.framework */ = {isa = PBXFileReference; lastKnownFileType = wrapper.framework; name = CoreGraphics.framework; path = System/Library/Frameworks/CoreGraphics.framework; sourceTree = SDKROOT; };
		B1E918641992D6A1007C7C6F /* UIKit.framework */ = {isa = PBXFileReference; lastKnownFileType = wrapper.framework; name = UIKit.framework; path = System/Library/Frameworks/UIKit.framework; sourceTree = SDKROOT; };
		B1E918661992D6A1007C7C6F /* CoreData.framework */ = {isa = PBXFileReference; lastKnownFileType = wrapper.framework; name = CoreData.framework; path = System/Library/Frameworks/CoreData.framework; sourceTree = SDKROOT; };
		B1E9186A1992D6A1007C7C6F /* Knowter-Info.plist */ = {isa = PBXFileReference; lastKnownFileType = text.plist.xml; path = "Knowter-Info.plist"; sourceTree = "<group>"; };
		B1E9186C1992D6A1007C7C6F /* en */ = {isa = PBXFileReference; lastKnownFileType = text.plist.strings; name = en; path = en.lproj/InfoPlist.strings; sourceTree = "<group>"; };
		B1E9186E1992D6A1007C7C6F /* main.m */ = {isa = PBXFileReference; lastKnownFileType = sourcecode.c.objc; path = main.m; sourceTree = "<group>"; };
		B1E918701992D6A1007C7C6F /* Knowter-Prefix.pch */ = {isa = PBXFileReference; lastKnownFileType = sourcecode.c.h; path = "Knowter-Prefix.pch"; sourceTree = "<group>"; };
		B1E918711992D6A1007C7C6F /* KnowterAppDelegate.h */ = {isa = PBXFileReference; lastKnownFileType = sourcecode.c.h; path = KnowterAppDelegate.h; sourceTree = "<group>"; };
		B1E918721992D6A1007C7C6F /* KnowterAppDelegate.m */ = {isa = PBXFileReference; lastKnownFileType = sourcecode.c.objc; path = KnowterAppDelegate.m; sourceTree = "<group>"; };
		B1E918751992D6A1007C7C6F /* Base */ = {isa = PBXFileReference; lastKnownFileType = file.storyboard; name = Base; path = Base.lproj/Main_iPhone.storyboard; sourceTree = "<group>"; };
		B1E918781992D6A1007C7C6F /* Base */ = {isa = PBXFileReference; lastKnownFileType = file.storyboard; name = Base; path = Base.lproj/Main_iPad.storyboard; sourceTree = "<group>"; };
		B1E918831992D6A1007C7C6F /* Images.xcassets */ = {isa = PBXFileReference; lastKnownFileType = folder.assetcatalog; path = Images.xcassets; sourceTree = "<group>"; };
		B1E918891992D6A1007C7C6F /* KnowterTests.xctest */ = {isa = PBXFileReference; explicitFileType = wrapper.cfbundle; includeInIndex = 0; path = KnowterTests.xctest; sourceTree = BUILT_PRODUCTS_DIR; };
		B1E9188A1992D6A1007C7C6F /* XCTest.framework */ = {isa = PBXFileReference; lastKnownFileType = wrapper.framework; name = XCTest.framework; path = Library/Frameworks/XCTest.framework; sourceTree = DEVELOPER_DIR; };
		B1E918931992D6A1007C7C6F /* KnowterTests-Info.plist */ = {isa = PBXFileReference; lastKnownFileType = text.plist.xml; path = "KnowterTests-Info.plist"; sourceTree = "<group>"; };
		B1E918951992D6A1007C7C6F /* en */ = {isa = PBXFileReference; lastKnownFileType = text.plist.strings; name = en; path = en.lproj/InfoPlist.strings; sourceTree = "<group>"; };
		B1E918971992D6A1007C7C6F /* KnowterTests.m */ = {isa = PBXFileReference; lastKnownFileType = sourcecode.c.objc; path = KnowterTests.m; sourceTree = "<group>"; };
		B1F3840E1993058D007BAB60 /* Note.h */ = {isa = PBXFileReference; fileEncoding = 4; lastKnownFileType = sourcecode.c.h; path = Note.h; sourceTree = "<group>"; };
		B1F3840F1993058D007BAB60 /* Note.m */ = {isa = PBXFileReference; fileEncoding = 4; lastKnownFileType = sourcecode.c.objc; path = Note.m; sourceTree = "<group>"; };
		B1F38411199306A6007BAB60 /* NoteHelper.h */ = {isa = PBXFileReference; fileEncoding = 4; lastKnownFileType = sourcecode.c.h; path = NoteHelper.h; sourceTree = "<group>"; };
		B1F38412199306A6007BAB60 /* NoteHelper.m */ = {isa = PBXFileReference; fileEncoding = 4; lastKnownFileType = sourcecode.c.objc; path = NoteHelper.m; sourceTree = "<group>"; };
/* End PBXFileReference section */

/* Begin PBXFrameworksBuildPhase section */
		B1E9185A1992D6A1007C7C6F /* Frameworks */ = {
			isa = PBXFrameworksBuildPhase;
			buildActionMask = 2147483647;
			files = (
				B1E918631992D6A1007C7C6F /* CoreGraphics.framework in Frameworks */,
				B1E918671992D6A1007C7C6F /* CoreData.framework in Frameworks */,
				B1E918651992D6A1007C7C6F /* UIKit.framework in Frameworks */,
				B1E918611992D6A1007C7C6F /* Foundation.framework in Frameworks */,
			);
			runOnlyForDeploymentPostprocessing = 0;
		};
		B1E918861992D6A1007C7C6F /* Frameworks */ = {
			isa = PBXFrameworksBuildPhase;
			buildActionMask = 2147483647;
			files = (
				B1E9188B1992D6A1007C7C6F /* XCTest.framework in Frameworks */,
				B1E9188E1992D6A1007C7C6F /* CoreData.framework in Frameworks */,
				B1E9188D1992D6A1007C7C6F /* UIKit.framework in Frameworks */,
				B1E9188C1992D6A1007C7C6F /* Foundation.framework in Frameworks */,
			);
			runOnlyForDeploymentPostprocessing = 0;
		};
/* End PBXFrameworksBuildPhase section */

/* Begin PBXGroup section */
		B1CB7DE01992D7C40069F74D /* View */ = {
			isa = PBXGroup;
			children = (
				B1E918741992D6A1007C7C6F /* Main_iPhone.storyboard */,
				B1E918771992D6A1007C7C6F /* Main_iPad.storyboard */,
			);
			name = View;
			sourceTree = "<group>";
		};
		B1CB7DE11992D7CB0069F74D /* Controller */ = {
			isa = PBXGroup;
			children = (
				B1CB7DE91992F1440069F74D /* KnowterNotesTableViewController.h */,
				B1CB7DEA1992F1440069F74D /* KnowterNotesTableViewController.m */,
				B1CB7DEC1992F5480069F74D /* KnowterNoteDetailViewController.h */,
				B1CB7DED1992F5480069F74D /* KnowterNoteDetailViewController.m */,
			);
			name = Controller;
			sourceTree = "<group>";
		};
		B1E918541992D6A1007C7C6F = {
			isa = PBXGroup;
			children = (
				B1E918681992D6A1007C7C6F /* Knowter */,
				B1E918911992D6A1007C7C6F /* KnowterTests */,
				B1E9185F1992D6A1007C7C6F /* Frameworks */,
				B1E9185E1992D6A1007C7C6F /* Products */,
			);
			sourceTree = "<group>";
		};
		B1E9185E1992D6A1007C7C6F /* Products */ = {
			isa = PBXGroup;
			children = (
				B1E9185D1992D6A1007C7C6F /* Knowter.app */,
				B1E918891992D6A1007C7C6F /* KnowterTests.xctest */,
			);
			name = Products;
			sourceTree = "<group>";
		};
		B1E9185F1992D6A1007C7C6F /* Frameworks */ = {
			isa = PBXGroup;
			children = (
				B1E918601992D6A1007C7C6F /* Foundation.framework */,
				B1E918621992D6A1007C7C6F /* CoreGraphics.framework */,
				B1E918641992D6A1007C7C6F /* UIKit.framework */,
				B1E918661992D6A1007C7C6F /* CoreData.framework */,
				B1E9188A1992D6A1007C7C6F /* XCTest.framework */,
			);
			name = Frameworks;
			sourceTree = "<group>";
		};
		B1E918681992D6A1007C7C6F /* Knowter */ = {
			isa = PBXGroup;
			children = (
				B1E918711992D6A1007C7C6F /* KnowterAppDelegate.h */,
				B1E918721992D6A1007C7C6F /* KnowterAppDelegate.m */,
				B1F3840D199304F9007BAB60 /* Data */,
				B1CB7DE01992D7C40069F74D /* View */,
				B1CB7DE11992D7CB0069F74D /* Controller */,
				B1E918831992D6A1007C7C6F /* Images.xcassets */,
				B1E918691992D6A1007C7C6F /* Supporting Files */,
			);
			path = Knowter;
			sourceTree = "<group>";
		};
		B1E918691992D6A1007C7C6F /* Supporting Files */ = {
			isa = PBXGroup;
			children = (
				B1E9186A1992D6A1007C7C6F /* Knowter-Info.plist */,
				B1E9186B1992D6A1007C7C6F /* InfoPlist.strings */,
				B1E9186E1992D6A1007C7C6F /* main.m */,
				B1E918701992D6A1007C7C6F /* Knowter-Prefix.pch */,
			);
			name = "Supporting Files";
			sourceTree = "<group>";
		};
		B1E918911992D6A1007C7C6F /* KnowterTests */ = {
			isa = PBXGroup;
			children = (
				B1E918971992D6A1007C7C6F /* KnowterTests.m */,
				B1E918921992D6A1007C7C6F /* Supporting Files */,
			);
			path = KnowterTests;
			sourceTree = "<group>";
		};
		B1E918921992D6A1007C7C6F /* Supporting Files */ = {
			isa = PBXGroup;
			children = (
				B1E918931992D6A1007C7C6F /* KnowterTests-Info.plist */,
				B1E918941992D6A1007C7C6F /* InfoPlist.strings */,
			);
			name = "Supporting Files";
			sourceTree = "<group>";
		};
		B1F3840D199304F9007BAB60 /* Data */ = {
			isa = PBXGroup;
			children = (
				B1F3840E1993058D007BAB60 /* Note.h */,
				B1F3840F1993058D007BAB60 /* Note.m */,
				B1F38411199306A6007BAB60 /* NoteHelper.h */,
				B1F38412199306A6007BAB60 /* NoteHelper.m */,
			);
			name = Data;
			sourceTree = "<group>";
		};
/* End PBXGroup section */

/* Begin PBXNativeTarget section */
		B1E9185C1992D6A1007C7C6F /* Knowter */ = {
			isa = PBXNativeTarget;
			buildConfigurationList = B1E9189B1992D6A1007C7C6F /* Build configuration list for PBXNativeTarget "Knowter" */;
			buildPhases = (
				B1E918591992D6A1007C7C6F /* Sources */,
				B1E9185A1992D6A1007C7C6F /* Frameworks */,
				B1E9185B1992D6A1007C7C6F /* Resources */,
			);
			buildRules = (
			);
			dependencies = (
			);
			name = Knowter;
			productName = Knowter;
			productReference = B1E9185D1992D6A1007C7C6F /* Knowter.app */;
			productType = "com.apple.product-type.application";
		};
		B1E918881992D6A1007C7C6F /* KnowterTests */ = {
			isa = PBXNativeTarget;
			buildConfigurationList = B1E9189E1992D6A1007C7C6F /* Build configuration list for PBXNativeTarget "KnowterTests" */;
			buildPhases = (
				B1E918851992D6A1007C7C6F /* Sources */,
				B1E918861992D6A1007C7C6F /* Frameworks */,
				B1E918871992D6A1007C7C6F /* Resources */,
			);
			buildRules = (
			);
			dependencies = (
				B1E918901992D6A1007C7C6F /* PBXTargetDependency */,
			);
			name = KnowterTests;
			productName = KnowterTests;
			productReference = B1E918891992D6A1007C7C6F /* KnowterTests.xctest */;
			productType = "com.apple.product-type.bundle.unit-test";
		};
/* End PBXNativeTarget section */

/* Begin PBXProject section */
		B1E918551992D6A1007C7C6F /* Project object */ = {
			isa = PBXProject;
			attributes = {
				CLASSPREFIX = Knowter;
				LastUpgradeCheck = 0510;
				ORGANIZATIONNAME = "Phil Nichols";
				TargetAttributes = {
					B1E918881992D6A1007C7C6F = {
						TestTargetID = B1E9185C1992D6A1007C7C6F;
					};
				};
			};
			buildConfigurationList = B1E918581992D6A1007C7C6F /* Build configuration list for PBXProject "Knowter" */;
			compatibilityVersion = "Xcode 3.2";
			developmentRegion = English;
			hasScannedForEncodings = 0;
			knownRegions = (
				en,
				Base,
			);
			mainGroup = B1E918541992D6A1007C7C6F;
			productRefGroup = B1E9185E1992D6A1007C7C6F /* Products */;
			projectDirPath = "";
			projectRoot = "";
			targets = (
				B1E9185C1992D6A1007C7C6F /* Knowter */,
				B1E918881992D6A1007C7C6F /* KnowterTests */,
			);
		};
/* End PBXProject section */

/* Begin PBXResourcesBuildPhase section */
		B1E9185B1992D6A1007C7C6F /* Resources */ = {
			isa = PBXResourcesBuildPhase;
			buildActionMask = 2147483647;
			files = (
				B1E918791992D6A1007C7C6F /* Main_iPad.storyboard in Resources */,
				B1E918841992D6A1007C7C6F /* Images.xcassets in Resources */,
				B1E918761992D6A1007C7C6F /* Main_iPhone.storyboard in Resources */,
				B1E9186D1992D6A1007C7C6F /* InfoPlist.strings in Resources */,
			);
			runOnlyForDeploymentPostprocessing = 0;
		};
		B1E918871992D6A1007C7C6F /* Resources */ = {
			isa = PBXResourcesBuildPhase;
			buildActionMask = 2147483647;
			files = (
				B1E918961992D6A1007C7C6F /* InfoPlist.strings in Resources */,
			);
			runOnlyForDeploymentPostprocessing = 0;
		};
/* End PBXResourcesBuildPhase section */

/* Begin PBXSourcesBuildPhase section */
		B1E918591992D6A1007C7C6F /* Sources */ = {
			isa = PBXSourcesBuildPhase;
			buildActionMask = 2147483647;
			files = (
				B1F384101993058D007BAB60 /* Note.m in Sources */,
				B1E9186F1992D6A1007C7C6F /* main.m in Sources */,
				B1CB7DEB1992F1440069F74D /* KnowterNotesTableViewController.m in Sources */,
				B1F38413199306A6007BAB60 /* NoteHelper.m in Sources */,
				B1CB7DEE1992F5480069F74D /* KnowterNoteDetailViewController.m in Sources */,
				B1E918731992D6A1007C7C6F /* KnowterAppDelegate.m in Sources */,
			);
			runOnlyForDeploymentPostprocessing = 0;
		};
		B1E918851992D6A1007C7C6F /* Sources */ = {
			isa = PBXSourcesBuildPhase;
			buildActionMask = 2147483647;
			files = (
				B1E918981992D6A1007C7C6F /* KnowterTests.m in Sources */,
			);
			runOnlyForDeploymentPostprocessing = 0;
		};
/* End PBXSourcesBuildPhase section */

/* Begin PBXTargetDependency section */
		B1E918901992D6A1007C7C6F /* PBXTargetDependency */ = {
			isa = PBXTargetDependency;
			target = B1E9185C1992D6A1007C7C6F /* Knowter */;
			targetProxy = B1E9188F1992D6A1007C7C6F /* PBXContainerItemProxy */;
		};
/* End PBXTargetDependency section */

/* Begin PBXVariantGroup section */
		B1E9186B1992D6A1007C7C6F /* InfoPlist.strings */ = {
			isa = PBXVariantGroup;
			children = (
				B1E9186C1992D6A1007C7C6F /* en */,
			);
			name = InfoPlist.strings;
			sourceTree = "<group>";
		};
		B1E918741992D6A1007C7C6F /* Main_iPhone.storyboard */ = {
			isa = PBXVariantGroup;
			children = (
				B1E918751992D6A1007C7C6F /* Base */,
			);
			name = Main_iPhone.storyboard;
			sourceTree = "<group>";
		};
		B1E918771992D6A1007C7C6F /* Main_iPad.storyboard */ = {
			isa = PBXVariantGroup;
			children = (
				B1E918781992D6A1007C7C6F /* Base */,
			);
			name = Main_iPad.storyboard;
			sourceTree = "<group>";
		};
		B1E918941992D6A1007C7C6F /* InfoPlist.strings */ = {
			isa = PBXVariantGroup;
			children = (
				B1E918951992D6A1007C7C6F /* en */,
			);
			name = InfoPlist.strings;
			sourceTree = "<group>";
		};
/* End PBXVariantGroup section */

/* Begin XCBuildConfiguration section */
		B1E918991992D6A1007C7C6F /* Debug */ = {
			isa = XCBuildConfiguration;
			buildSettings = {
				ALWAYS_SEARCH_USER_PATHS = NO;
				CLANG_CXX_LANGUAGE_STANDARD = "gnu++0x";
				CLANG_CXX_LIBRARY = "libc++";
				CLANG_ENABLE_MODULES = YES;
				CLANG_ENABLE_OBJC_ARC = YES;
				CLANG_WARN_BOOL_CONVERSION = YES;
				CLANG_WARN_CONSTANT_CONVERSION = YES;
				CLANG_WARN_DIRECT_OBJC_ISA_USAGE = YES_ERROR;
				CLANG_WARN_EMPTY_BODY = YES;
				CLANG_WARN_ENUM_CONVERSION = YES;
				CLANG_WARN_INT_CONVERSION = YES;
				CLANG_WARN_OBJC_ROOT_CLASS = YES_ERROR;
				CLANG_WARN__DUPLICATE_METHOD_MATCH = YES;
				"CODE_SIGN_IDENTITY[sdk=iphoneos*]" = "iPhone Developer";
				COPY_PHASE_STRIP = NO;
				GCC_C_LANGUAGE_STANDARD = gnu99;
				GCC_DYNAMIC_NO_PIC = NO;
				GCC_OPTIMIZATION_LEVEL = 0;
				GCC_PREPROCESSOR_DEFINITIONS = (
					"DEBUG=1",
					"$(inherited)",
				);
				GCC_SYMBOLS_PRIVATE_EXTERN = NO;
				GCC_WARN_64_TO_32_BIT_CONVERSION = YES;
				GCC_WARN_ABOUT_RETURN_TYPE = YES_ERROR;
				GCC_WARN_UNDECLARED_SELECTOR = YES;
				GCC_WARN_UNINITIALIZED_AUTOS = YES_AGGRESSIVE;
				GCC_WARN_UNUSED_FUNCTION = YES;
				GCC_WARN_UNUSED_VARIABLE = YES;
				IPHONEOS_DEPLOYMENT_TARGET = 7.1;
				ONLY_ACTIVE_ARCH = YES;
				SDKROOT = iphoneos;
				TARGETED_DEVICE_FAMILY = "1,2";
			};
			name = Debug;
		};
		B1E9189A1992D6A1007C7C6F /* Release */ = {
			isa = XCBuildConfiguration;
			buildSettings = {
				ALWAYS_SEARCH_USER_PATHS = NO;
				CLANG_CXX_LANGUAGE_STANDARD = "gnu++0x";
				CLANG_CXX_LIBRARY = "libc++";
				CLANG_ENABLE_MODULES = YES;
				CLANG_ENABLE_OBJC_ARC = YES;
				CLANG_WARN_BOOL_CONVERSION = YES;
				CLANG_WARN_CONSTANT_CONVERSION = YES;
				CLANG_WARN_DIRECT_OBJC_ISA_USAGE = YES_ERROR;
				CLANG_WARN_EMPTY_BODY = YES;
				CLANG_WARN_ENUM_CONVERSION = YES;
				CLANG_WARN_INT_CONVERSION = YES;
				CLANG_WARN_OBJC_ROOT_CLASS = YES_ERROR;
				CLANG_WARN__DUPLICATE_METHOD_MATCH = YES;
				"CODE_SIGN_IDENTITY[sdk=iphoneos*]" = "iPhone Developer";
				COPY_PHASE_STRIP = YES;
				ENABLE_NS_ASSERTIONS = NO;
				GCC_C_LANGUAGE_STANDARD = gnu99;
				GCC_WARN_64_TO_32_BIT_CONVERSION = YES;
				GCC_WARN_ABOUT_RETURN_TYPE = YES_ERROR;
				GCC_WARN_UNDECLARED_SELECTOR = YES;
				GCC_WARN_UNINITIALIZED_AUTOS = YES_AGGRESSIVE;
				GCC_WARN_UNUSED_FUNCTION = YES;
				GCC_WARN_UNUSED_VARIABLE = YES;
				IPHONEOS_DEPLOYMENT_TARGET = 7.1;
				SDKROOT = iphoneos;
				TARGETED_DEVICE_FAMILY = "1,2";
				VALIDATE_PRODUCT = YES;
			};
			name = Release;
		};
		B1E9189C1992D6A1007C7C6F /* Debug */ = {
			isa = XCBuildConfiguration;
			buildSettings = {
				ASSETCATALOG_COMPILER_APPICON_NAME = AppIcon;
				ASSETCATALOG_COMPILER_LAUNCHIMAGE_NAME = LaunchImage;
				GCC_PRECOMPILE_PREFIX_HEADER = YES;
				GCC_PREFIX_HEADER = "Knowter/Knowter-Prefix.pch";
				INFOPLIST_FILE = "Knowter/Knowter-Info.plist";
				PRODUCT_NAME = "$(TARGET_NAME)";
				WRAPPER_EXTENSION = app;
			};
			name = Debug;
		};
		B1E9189D1992D6A1007C7C6F /* Release */ = {
			isa = XCBuildConfiguration;
			buildSettings = {
				ASSETCATALOG_COMPILER_APPICON_NAME = AppIcon;
				ASSETCATALOG_COMPILER_LAUNCHIMAGE_NAME = LaunchImage;
				GCC_PRECOMPILE_PREFIX_HEADER = YES;
				GCC_PREFIX_HEADER = "Knowter/Knowter-Prefix.pch";
				INFOPLIST_FILE = "Knowter/Knowter-Info.plist";
				PRODUCT_NAME = "$(TARGET_NAME)";
				WRAPPER_EXTENSION = app;
			};
			name = Release;
		};
		B1E9189F1992D6A1007C7C6F /* Debug */ = {
			isa = XCBuildConfiguration;
			buildSettings = {
				BUNDLE_LOADER = "$(BUILT_PRODUCTS_DIR)/Knowter.app/Knowter";
				FRAMEWORK_SEARCH_PATHS = (
					"$(SDKROOT)/Developer/Library/Frameworks",
					"$(inherited)",
					"$(DEVELOPER_FRAMEWORKS_DIR)",
				);
				GCC_PRECOMPILE_PREFIX_HEADER = YES;
				GCC_PREFIX_HEADER = "Knowter/Knowter-Prefix.pch";
				GCC_PREPROCESSOR_DEFINITIONS = (
					"DEBUG=1",
					"$(inherited)",
				);
				INFOPLIST_FILE = "KnowterTests/KnowterTests-Info.plist";
				PRODUCT_NAME = "$(TARGET_NAME)";
				TEST_HOST = "$(BUNDLE_LOADER)";
				WRAPPER_EXTENSION = xctest;
			};
			name = Debug;
		};
		B1E918A01992D6A1007C7C6F /* Release */ = {
			isa = XCBuildConfiguration;
			buildSettings = {
				BUNDLE_LOADER = "$(BUILT_PRODUCTS_DIR)/Knowter.app/Knowter";
				FRAMEWORK_SEARCH_PATHS = (
					"$(SDKROOT)/Developer/Library/Frameworks",
					"$(inherited)",
					"$(DEVELOPER_FRAMEWORKS_DIR)",
				);
				GCC_PRECOMPILE_PREFIX_HEADER = YES;
				GCC_PREFIX_HEADER = "Knowter/Knowter-Prefix.pch";
				INFOPLIST_FILE = "KnowterTests/KnowterTests-Info.plist";
				PRODUCT_NAME = "$(TARGET_NAME)";
				TEST_HOST = "$(BUNDLE_LOADER)";
				WRAPPER_EXTENSION = xctest;
			};
			name = Release;
		};
/* End XCBuildConfiguration section */

/* Begin XCConfigurationList section */
		B1E918581992D6A1007C7C6F /* Build configuration list for PBXProject "Knowter" */ = {
			isa = XCConfigurationList;
			buildConfigurations = (
				B1E918991992D6A1007C7C6F /* Debug */,
				B1E9189A1992D6A1007C7C6F /* Release */,
			);
			defaultConfigurationIsVisible = 0;
			defaultConfigurationName = Release;
		};
		B1E9189B1992D6A1007C7C6F /* Build configuration list for PBXNativeTarget "Knowter" */ = {
			isa = XCConfigurationList;
			buildConfigurations = (
				B1E9189C1992D6A1007C7C6F /* Debug */,
				B1E9189D1992D6A1007C7C6F /* Release */,
			);
			defaultConfigurationIsVisible = 0;
			defaultConfigurationName = Release;
		};
		B1E9189E1992D6A1007C7C6F /* Build configuration list for PBXNativeTarget "KnowterTests" */ = {
			isa = XCConfigurationList;
			buildConfigurations = (
				B1E9189F1992D6A1007C7C6F /* Debug */,
				B1E918A01992D6A1007C7C6F /* Release */,
			);
			defaultConfigurationIsVisible = 0;
			defaultConfigurationName = Release;
		};
/* End XCConfigurationList section */
	};
	rootObject = B1E918551992D6A1007C7C6F /* Project object */;
}
